
Microsoft Visual Studio Solution File, Format Version 12.00
# Visual Studio Version 18
VisualStudioVersion = 18.5.11801.241 oobstable
MinimumVisualStudioVersion = 10.0.40219.1
Project("{FAE04EC0-301F-11D3-BF4B-00C04F79EFBC}") = "TicTacToe", "TicTacToe.csproj", "{F6F48C36-A0D2-806A-AA88-EACE1E0500E8}"
EndProject
Project("{FAE04EC0-301F-11D3-BF4B-00C04F79EFBC}") = "TicTacToe.Tests", "..\TicTacToe.Tests\TicTacToe.Tests.csproj", "{0714605E-6B30-4A49-B544-611E5AD44DAD}"
EndProject
Global
	GlobalSection(SolutionConfigurationPlatforms) = preSolution
		Debug|Any CPU = Debug|Any CPU
		Release|Any CPU = Release|Any CPU
	EndGlobalSection
	GlobalSection(ProjectConfigurationPlatforms) = postSolution
		{F6F48C36-A0D2-806A-AA88-EACE1E0500E8}.Debug|Any CPU.ActiveCfg = Debug|Any CPU
		{F6F48C36-A0D2-806A-AA88-EACE1E0500E8}.Debug|Any CPU.Build.0 = Debug|Any CPU
		{F6F48C36-A0D2-806A-AA88-EACE1E0500E8}.Release|Any CPU.ActiveCfg = Release|Any CPU
		{F6F48C36-A0D2-806A-AA88-EACE1E0500E8}.Release|Any CPU.Build.0 = Release|Any CPU
		{0714605E-6B30-4A49-B544-611E5AD44DAD}.Debug|Any CPU.ActiveCfg = Debug|Any CPU
		{0714605E-6B30-4A49-B544-611E5AD44DAD}.Debug|Any CPU.Build.0 = Debug|Any CPU
		{0714605E-6B30-4A49-B544-611E5AD44DAD}.Release|Any CPU.ActiveCfg = Release|Any CPU
		{0714605E-6B30-4A49-B544-611E5AD44DAD}.Release|Any CPU.Build.0 = Release|Any CPU
	EndGlobalSection
	GlobalSection(SolutionProperties) = preSolution
		HideSolutionNode = FALSE
	EndGlobalSection
	GlobalSection(ExtensibilityGlobals) = postSolution
		SolutionGuid = {3E2B287E-8632-4BA4-A8AC-90D31113485D}
	EndGlobalSection
EndGlobal
